
Microsoft Visual Studio Solution File, Format Version 12.00
# Visual Studio Version 17
VisualStudioVersion = 17.1.31911.260
MinimumVisualStudioVersion = 10.0.40219.1
Project("{FAE04EC0-301F-11D3-BF4B-00C04F79EFBC}") = "Win32ChildWindow", "Win32ChildWindow.csproj", "{6ABA8EE6-F2CD-48DE-B34D-88A3335DE2E5}"
EndProject
Global
	GlobalSection(SolutionConfigurationPlatforms) = preSolution
		Debug|Any CPU = Debug|Any CPU
		Release|Any CPU = Release|Any CPU
	EndGlobalSection
	GlobalSection(ProjectConfigurationPlatforms) = postSolution
		{6ABA8EE6-F2CD-48DE-B34D-88A3335DE2E5}.Debug|Any CPU.ActiveCfg = Debug|Any CPU
		{6ABA8EE6-F2CD-48DE-B34D-88A3335DE2E5}.Debug|Any CPU.Build.0 = Debug|Any CPU
		{6ABA8EE6-F2CD-48DE-B34D-88A3335DE2E5}.Release|Any CPU.ActiveCfg = Release|Any CPU
		{6ABA8EE6-F2CD-48DE-B34D-88A3335DE2E5}.Release|Any CPU.Build.0 = Release|Any CPU
	EndGlobalSection
	GlobalSection(SolutionProperties) = preSolution
		HideSolutionNode = FALSE
	EndGlobalSection
	GlobalSection(ExtensibilityGlobals) = postSolution
		SolutionGuid = {75E1F41D-3F69-42A9-AE36-19F7F57F9A4A}
	EndGlobalSection
EndGlobal
